// !$*UTF8*$!
{
	archiveVersion = 1;
	classes = {
	};
	objectVersion = 46;
	objects = {

/* Begin PBXBuildFile section */
		961429B21A749A7C002A32CF /* main.m in Sources */ = {isa = PBXBuildFile; fileRef = 961429B11A749A7C002A32CF /* main.m */; };
		961429B51A749A7C002A32CF /* BLCAppDelegate.m in Sources */ = {isa = PBXBuildFile; fileRef = 961429B41A749A7C002A32CF /* BLCAppDelegate.m */; };
		961429BD1A749A7C002A32CF /* Images.xcassets in Resources */ = {isa = PBXBuildFile; fileRef = 961429BC1A749A7C002A32CF /* Images.xcassets */; };
		961429CC1A749A7C002A32CF /* BlocstagramTests.m in Sources */ = {isa = PBXBuildFile; fileRef = 961429CB1A749A7C002A32CF /* BlocstagramTests.m */; };
		961429D61A749BB1002A32CF /* Default-568h@2x.png in Resources */ = {isa = PBXBuildFile; fileRef = 961429D51A749BB1002A32CF /* Default-568h@2x.png */; };
		961429E31A74A366002A32CF /* 1.jpg in Resources */ = {isa = PBXBuildFile; fileRef = 961429D91A74A366002A32CF /* 1.jpg */; };
		961429E41A74A366002A32CF /* 2.jpg in Resources */ = {isa = PBXBuildFile; fileRef = 961429DA1A74A366002A32CF /* 2.jpg */; };
		961429E51A74A366002A32CF /* 3.jpg in Resources */ = {isa = PBXBuildFile; fileRef = 961429DB1A74A366002A32CF /* 3.jpg */; };
		961429E61A74A366002A32CF /* 4.jpg in Resources */ = {isa = PBXBuildFile; fileRef = 961429DC1A74A366002A32CF /* 4.jpg */; };
		961429E71A74A366002A32CF /* 5.jpg in Resources */ = {isa = PBXBuildFile; fileRef = 961429DD1A74A366002A32CF /* 5.jpg */; };
		961429E81A74A366002A32CF /* 6.jpg in Resources */ = {isa = PBXBuildFile; fileRef = 961429DE1A74A366002A32CF /* 6.jpg */; };
		961429E91A74A366002A32CF /* 7.jpg in Resources */ = {isa = PBXBuildFile; fileRef = 961429DF1A74A366002A32CF /* 7.jpg */; };
		961429EA1A74A366002A32CF /* 8.jpg in Resources */ = {isa = PBXBuildFile; fileRef = 961429E01A74A366002A32CF /* 8.jpg */; };
		961429EB1A74A366002A32CF /* 9.jpg in Resources */ = {isa = PBXBuildFile; fileRef = 961429E11A74A366002A32CF /* 9.jpg */; };
		961429EC1A74A366002A32CF /* 10.jpg in Resources */ = {isa = PBXBuildFile; fileRef = 961429E21A74A366002A32CF /* 10.jpg */; };
		961429EF1A74A3C7002A32CF /* BLCImagesTableViewController.m in Sources */ = {isa = PBXBuildFile; fileRef = 961429EE1A74A3C7002A32CF /* BLCImagesTableViewController.m */; };
		96FDD81D1A9EBBE600EA0F8E /* BLCUser.m in Sources */ = {isa = PBXBuildFile; fileRef = 96FDD81C1A9EBBE600EA0F8E /* BLCUser.m */; };
		96FDD8201A9EC58F00EA0F8E /* BLCMedia.m in Sources */ = {isa = PBXBuildFile; fileRef = 96FDD81F1A9EC58F00EA0F8E /* BLCMedia.m */; };
		96FDD8231A9EC6E900EA0F8E /* BLCComment.m in Sources */ = {isa = PBXBuildFile; fileRef = 96FDD8221A9EC6E900EA0F8E /* BLCComment.m */; };
		96FDD8261A9EC87C00EA0F8E /* BLCDataSource.m in Sources */ = {isa = PBXBuildFile; fileRef = 96FDD8251A9EC87C00EA0F8E /* BLCDataSource.m */; };
/* End PBXBuildFile section */

/* Begin PBXContainerItemProxy section */
		961429C61A749A7C002A32CF /* PBXContainerItemProxy */ = {
			isa = PBXContainerItemProxy;
			containerPortal = 961429A41A749A7C002A32CF /* Project object */;
			proxyType = 1;
			remoteGlobalIDString = 961429AB1A749A7C002A32CF;
			remoteInfo = Blocstagram;
		};
/* End PBXContainerItemProxy section */

/* Begin PBXFileReference section */
		961429AC1A749A7C002A32CF /* Blocstagram.app */ = {isa = PBXFileReference; explicitFileType = wrapper.application; includeInIndex = 0; path = Blocstagram.app; sourceTree = BUILT_PRODUCTS_DIR; };
		961429B01A749A7C002A32CF /* Info.plist */ = {isa = PBXFileReference; lastKnownFileType = text.plist.xml; path = Info.plist; sourceTree = "<group>"; };
		961429B11A749A7C002A32CF /* main.m */ = {isa = PBXFileReference; lastKnownFileType = sourcecode.c.objc; path = main.m; sourceTree = "<group>"; };
		961429B31A749A7C002A32CF /* BLCAppDelegate.h */ = {isa = PBXFileReference; lastKnownFileType = sourcecode.c.h; path = BLCAppDelegate.h; sourceTree = "<group>"; };
		961429B41A749A7C002A32CF /* BLCAppDelegate.m */ = {isa = PBXFileReference; lastKnownFileType = sourcecode.c.objc; path = BLCAppDelegate.m; sourceTree = "<group>"; };
		961429BC1A749A7C002A32CF /* Images.xcassets */ = {isa = PBXFileReference; lastKnownFileType = folder.assetcatalog; path = Images.xcassets; sourceTree = "<group>"; };
		961429C51A749A7C002A32CF /* BlocstagramTests.xctest */ = {isa = PBXFileReference; explicitFileType = wrapper.cfbundle; includeInIndex = 0; path = BlocstagramTests.xctest; sourceTree = BUILT_PRODUCTS_DIR; };
		961429CA1A749A7C002A32CF /* Info.plist */ = {isa = PBXFileReference; lastKnownFileType = text.plist.xml; path = Info.plist; sourceTree = "<group>"; };
		961429CB1A749A7C002A32CF /* BlocstagramTests.m */ = {isa = PBXFileReference; lastKnownFileType = sourcecode.c.objc; path = BlocstagramTests.m; sourceTree = "<group>"; };
		961429D51A749BB1002A32CF /* Default-568h@2x.png */ = {isa = PBXFileReference; lastKnownFileType = image.png; name = "Default-568h@2x.png"; path = "../Default-568h@2x.png"; sourceTree = "<group>"; };
		961429D71A749C38002A32CF /* Blocstagram-Prefix.pch */ = {isa = PBXFileReference; lastKnownFileType = sourcecode.c.h; path = "Blocstagram-Prefix.pch"; sourceTree = "<group>"; };
		961429D91A74A366002A32CF /* 1.jpg */ = {isa = PBXFileReference; lastKnownFileType = image.jpeg; path = 1.jpg; sourceTree = "<group>"; };
		961429DA1A74A366002A32CF /* 2.jpg */ = {isa = PBXFileReference; lastKnownFileType = image.jpeg; path = 2.jpg; sourceTree = "<group>"; };
		961429DB1A74A366002A32CF /* 3.jpg */ = {isa = PBXFileReference; lastKnownFileType = image.jpeg; path = 3.jpg; sourceTree = "<group>"; };
		961429DC1A74A366002A32CF /* 4.jpg */ = {isa = PBXFileReference; lastKnownFileType = image.jpeg; path = 4.jpg; sourceTree = "<group>"; };
		961429DD1A74A366002A32CF /* 5.jpg */ = {isa = PBXFileReference; lastKnownFileType = image.jpeg; path = 5.jpg; sourceTree = "<group>"; };
		961429DE1A74A366002A32CF /* 6.jpg */ = {isa = PBXFileReference; lastKnownFileType = image.jpeg; path = 6.jpg; sourceTree = "<group>"; };
		961429DF1A74A366002A32CF /* 7.jpg */ = {isa = PBXFileReference; lastKnownFileType = image.jpeg; path = 7.jpg; sourceTree = "<group>"; };
		961429E01A74A366002A32CF /* 8.jpg */ = {isa = PBXFileReference; lastKnownFileType = image.jpeg; path = 8.jpg; sourceTree = "<group>"; };
		961429E11A74A366002A32CF /* 9.jpg */ = {isa = PBXFileReference; lastKnownFileType = image.jpeg; path = 9.jpg; sourceTree = "<group>"; };
		961429E21A74A366002A32CF /* 10.jpg */ = {isa = PBXFileReference; lastKnownFileType = image.jpeg; path = 10.jpg; sourceTree = "<group>"; };
		961429ED1A74A3C7002A32CF /* BLCImagesTableViewController.h */ = {isa = PBXFileReference; fileEncoding = 4; lastKnownFileType = sourcecode.c.h; path = BLCImagesTableViewController.h; sourceTree = "<group>"; };
		961429EE1A74A3C7002A32CF /* BLCImagesTableViewController.m */ = {isa = PBXFileReference; fileEncoding = 4; lastKnownFileType = sourcecode.c.objc; path = BLCImagesTableViewController.m; sourceTree = "<group>"; };
		96FDD81B1A9EBBE600EA0F8E /* BLCUser.h */ = {isa = PBXFileReference; fileEncoding = 4; lastKnownFileType = sourcecode.c.h; path = BLCUser.h; sourceTree = "<group>"; };
		96FDD81C1A9EBBE600EA0F8E /* BLCUser.m */ = {isa = PBXFileReference; fileEncoding = 4; lastKnownFileType = sourcecode.c.objc; path = BLCUser.m; sourceTree = "<group>"; };
		96FDD81E1A9EC58F00EA0F8E /* BLCMedia.h */ = {isa = PBXFileReference; fileEncoding = 4; lastKnownFileType = sourcecode.c.h; path = BLCMedia.h; sourceTree = "<group>"; };
		96FDD81F1A9EC58F00EA0F8E /* BLCMedia.m */ = {isa = PBXFileReference; fileEncoding = 4; lastKnownFileType = sourcecode.c.objc; path = BLCMedia.m; sourceTree = "<group>"; };
		96FDD8211A9EC6E900EA0F8E /* BLCComment.h */ = {isa = PBXFileReference; fileEncoding = 4; lastKnownFileType = sourcecode.c.h; path = BLCComment.h; sourceTree = "<group>"; };
		96FDD8221A9EC6E900EA0F8E /* BLCComment.m */ = {isa = PBXFileReference; fileEncoding = 4; lastKnownFileType = sourcecode.c.objc; path = BLCComment.m; sourceTree = "<group>"; };
		96FDD8241A9EC87C00EA0F8E /* BLCDataSource.h */ = {isa = PBXFileReference; fileEncoding = 4; lastKnownFileType = sourcecode.c.h; path = BLCDataSource.h; sourceTree = "<group>"; };
		96FDD8251A9EC87C00EA0F8E /* BLCDataSource.m */ = {isa = PBXFileReference; fileEncoding = 4; lastKnownFileType = sourcecode.c.objc; path = BLCDataSource.m; sourceTree = "<group>"; };
/* End PBXFileReference section */

/* Begin PBXFrameworksBuildPhase section */
		961429A91A749A7C002A32CF /* Frameworks */ = {
			isa = PBXFrameworksBuildPhase;
			buildActionMask = 2147483647;
			files = (
			);
			runOnlyForDeploymentPostprocessing = 0;
		};
		961429C21A749A7C002A32CF /* Frameworks */ = {
			isa = PBXFrameworksBuildPhase;
			buildActionMask = 2147483647;
			files = (
			);
			runOnlyForDeploymentPostprocessing = 0;
		};
/* End PBXFrameworksBuildPhase section */

/* Begin PBXGroup section */
		961429A31A749A7C002A32CF = {
			isa = PBXGroup;
			children = (
				961429AE1A749A7C002A32CF /* Blocstagram */,
				961429C81A749A7C002A32CF /* BlocstagramTests */,
				961429AD1A749A7C002A32CF /* Products */,
			);
			sourceTree = "<group>";
		};
		961429AD1A749A7C002A32CF /* Products */ = {
			isa = PBXGroup;
			children = (
				961429AC1A749A7C002A32CF /* Blocstagram.app */,
				961429C51A749A7C002A32CF /* BlocstagramTests.xctest */,
			);
			name = Products;
			sourceTree = "<group>";
		};
		961429AE1A749A7C002A32CF /* Blocstagram */ = {
			isa = PBXGroup;
			children = (
				961429B31A749A7C002A32CF /* BLCAppDelegate.h */,
				961429B41A749A7C002A32CF /* BLCAppDelegate.m */,
				961429ED1A74A3C7002A32CF /* BLCImagesTableViewController.h */,
				961429EE1A74A3C7002A32CF /* BLCImagesTableViewController.m */,
				96FDD81B1A9EBBE600EA0F8E /* BLCUser.h */,
				96FDD81C1A9EBBE600EA0F8E /* BLCUser.m */,
				96FDD81E1A9EC58F00EA0F8E /* BLCMedia.h */,
				96FDD81F1A9EC58F00EA0F8E /* BLCMedia.m */,
				96FDD8211A9EC6E900EA0F8E /* BLCComment.h */,
				96FDD8221A9EC6E900EA0F8E /* BLCComment.m */,
				96FDD8241A9EC87C00EA0F8E /* BLCDataSource.h */,
				96FDD8251A9EC87C00EA0F8E /* BLCDataSource.m */,
				961429BC1A749A7C002A32CF /* Images.xcassets */,
				961429D81A74A330002A32CF /* Images */,
				961429AF1A749A7C002A32CF /* Supporting Files */,
				961429D51A749BB1002A32CF /* Default-568h@2x.png */,
				961429D71A749C38002A32CF /* Blocstagram-Prefix.pch */,
			);
			path = Blocstagram;
			sourceTree = "<group>";
		};
		961429AF1A749A7C002A32CF /* Supporting Files */ = {
			isa = PBXGroup;
			children = (
				961429B01A749A7C002A32CF /* Info.plist */,
				961429B11A749A7C002A32CF /* main.m */,
			);
			name = "Supporting Files";
			sourceTree = "<group>";
		};
		961429C81A749A7C002A32CF /* BlocstagramTests */ = {
			isa = PBXGroup;
			children = (
				961429CB1A749A7C002A32CF /* BlocstagramTests.m */,
				961429C91A749A7C002A32CF /* Supporting Files */,
			);
			path = BlocstagramTests;
			sourceTree = "<group>";
		};
		961429C91A749A7C002A32CF /* Supporting Files */ = {
			isa = PBXGroup;
			children = (
				961429CA1A749A7C002A32CF /* Info.plist */,
			);
			name = "Supporting Files";
			sourceTree = "<group>";
		};
		961429D81A74A330002A32CF /* Images */ = {
			isa = PBXGroup;
			children = (
				961429D91A74A366002A32CF /* 1.jpg */,
				961429DA1A74A366002A32CF /* 2.jpg */,
				961429DB1A74A366002A32CF /* 3.jpg */,
				961429DC1A74A366002A32CF /* 4.jpg */,
				961429DD1A74A366002A32CF /* 5.jpg */,
				961429DE1A74A366002A32CF /* 6.jpg */,
				961429DF1A74A366002A32CF /* 7.jpg */,
				961429E01A74A366002A32CF /* 8.jpg */,
				961429E11A74A366002A32CF /* 9.jpg */,
				961429E21A74A366002A32CF /* 10.jpg */,
			);
			name = Images;
			sourceTree = "<group>";
		};
/* End PBXGroup section */

/* Begin PBXNativeTarget section */
		961429AB1A749A7C002A32CF /* Blocstagram */ = {
			isa = PBXNativeTarget;
			buildConfigurationList = 961429CF1A749A7C002A32CF /* Build configuration list for PBXNativeTarget "Blocstagram" */;
			buildPhases = (
				961429A81A749A7C002A32CF /* Sources */,
				961429A91A749A7C002A32CF /* Frameworks */,
				961429AA1A749A7C002A32CF /* Resources */,
			);
			buildRules = (
			);
			dependencies = (
			);
			name = Blocstagram;
			productName = Blocstagram;
			productReference = 961429AC1A749A7C002A32CF /* Blocstagram.app */;
			productType = "com.apple.product-type.application";
		};
		961429C41A749A7C002A32CF /* BlocstagramTests */ = {
			isa = PBXNativeTarget;
			buildConfigurationList = 961429D21A749A7C002A32CF /* Build configuration list for PBXNativeTarget "BlocstagramTests" */;
			buildPhases = (
				961429C11A749A7C002A32CF /* Sources */,
				961429C21A749A7C002A32CF /* Frameworks */,
				961429C31A749A7C002A32CF /* Resources */,
			);
			buildRules = (
			);
			dependencies = (
				961429C71A749A7C002A32CF /* PBXTargetDependency */,
			);
			name = BlocstagramTests;
			productName = BlocstagramTests;
			productReference = 961429C51A749A7C002A32CF /* BlocstagramTests.xctest */;
			productType = "com.apple.product-type.bundle.unit-test";
		};
/* End PBXNativeTarget section */

/* Begin PBXProject section */
		961429A41A749A7C002A32CF /* Project object */ = {
			isa = PBXProject;
			attributes = {
				LastUpgradeCheck = 0610;
				ORGANIZATIONNAME = Bloc;
				TargetAttributes = {
					961429AB1A749A7C002A32CF = {
						CreatedOnToolsVersion = 6.1.1;
					};
					961429C41A749A7C002A32CF = {
						CreatedOnToolsVersion = 6.1.1;
						TestTargetID = 961429AB1A749A7C002A32CF;
					};
				};
			};
			buildConfigurationList = 961429A71A749A7C002A32CF /* Build configuration list for PBXProject "Blocstagram" */;
			compatibilityVersion = "Xcode 3.2";
			developmentRegion = English;
			hasScannedForEncodings = 0;
			knownRegions = (
				en,
				Base,
			);
			mainGroup = 961429A31A749A7C002A32CF;
			productRefGroup = 961429AD1A749A7C002A32CF /* Products */;
			projectDirPath = "";
			projectRoot = "";
			targets = (
				961429AB1A749A7C002A32CF /* Blocstagram */,
				961429C41A749A7C002A32CF /* BlocstagramTests */,
			);
		};
/* End PBXProject section */

/* Begin PBXResourcesBuildPhase section */
		961429AA1A749A7C002A32CF /* Resources */ = {
			isa = PBXResourcesBuildPhase;
			buildActionMask = 2147483647;
			files = (
				961429EB1A74A366002A32CF /* 9.jpg in Resources */,
				961429EA1A74A366002A32CF /* 8.jpg in Resources */,
				961429E61A74A366002A32CF /* 4.jpg in Resources */,
				961429E51A74A366002A32CF /* 3.jpg in Resources */,
				961429E81A74A366002A32CF /* 6.jpg in Resources */,
				961429E31A74A366002A32CF /* 1.jpg in Resources */,
				961429BD1A749A7C002A32CF /* Images.xcassets in Resources */,
				961429E71A74A366002A32CF /* 5.jpg in Resources */,
				961429E91A74A366002A32CF /* 7.jpg in Resources */,
				961429E41A74A366002A32CF /* 2.jpg in Resources */,
				961429EC1A74A366002A32CF /* 10.jpg in Resources */,
				961429D61A749BB1002A32CF /* Default-568h@2x.png in Resources */,
			);
			runOnlyForDeploymentPostprocessing = 0;
		};
		961429C31A749A7C002A32CF /* Resources */ = {
			isa = PBXResourcesBuildPhase;
			buildActionMask = 2147483647;
			files = (
			);
			runOnlyForDeploymentPostprocessing = 0;
		};
/* End PBXResourcesBuildPhase section */

/* Begin PBXSourcesBuildPhase section */
		961429A81A749A7C002A32CF /* Sources */ = {
			isa = PBXSourcesBuildPhase;
			buildActionMask = 2147483647;
			files = (
				96FDD81D1A9EBBE600EA0F8E /* BLCUser.m in Sources */,
				961429B51A749A7C002A32CF /* BLCAppDelegate.m in Sources */,
				961429B21A749A7C002A32CF /* main.m in Sources */,
				961429EF1A74A3C7002A32CF /* BLCImagesTableViewController.m in Sources */,
				96FDD8201A9EC58F00EA0F8E /* BLCMedia.m in Sources */,
				96FDD8231A9EC6E900EA0F8E /* BLCComment.m in Sources */,
				96FDD8261A9EC87C00EA0F8E /* BLCDataSource.m in Sources */,
			);
			runOnlyForDeploymentPostprocessing = 0;
		};
		961429C11A749A7C002A32CF /* Sources */ = {
			isa = PBXSourcesBuildPhase;
			buildActionMask = 2147483647;
			files = (
				961429CC1A749A7C002A32CF /* BlocstagramTests.m in Sources */,
			);
			runOnlyForDeploymentPostprocessing = 0;
		};
/* End PBXSourcesBuildPhase section */

/* Begin PBXTargetDependency section */
		961429C71A749A7C002A32CF /* PBXTargetDependency */ = {
			isa = PBXTargetDependency;
			target = 961429AB1A749A7C002A32CF /* Blocstagram */;
			targetProxy = 961429C61A749A7C002A32CF /* PBXContainerItemProxy */;
		};
/* End PBXTargetDependency section */

/* Begin XCBuildConfiguration section */
		961429CD1A749A7C002A32CF /* Debug */ = {
			isa = XCBuildConfiguration;
			buildSettings = {
				ALWAYS_SEARCH_USER_PATHS = NO;
				CLANG_CXX_LANGUAGE_STANDARD = "gnu++0x";
				CLANG_CXX_LIBRARY = "libc++";
				CLANG_ENABLE_MODULES = YES;
				CLANG_ENABLE_OBJC_ARC = YES;
				CLANG_WARN_BOOL_CONVERSION = YES;
				CLANG_WARN_CONSTANT_CONVERSION = YES;
				CLANG_WARN_DIRECT_OBJC_ISA_USAGE = YES_ERROR;
				CLANG_WARN_EMPTY_BODY = YES;
				CLANG_WARN_ENUM_CONVERSION = YES;
				CLANG_WARN_INT_CONVERSION = YES;
				CLANG_WARN_OBJC_ROOT_CLASS = YES_ERROR;
				CLANG_WARN_UNREACHABLE_CODE = YES;
				CLANG_WARN__DUPLICATE_METHOD_MATCH = YES;
				"CODE_SIGN_IDENTITY[sdk=iphoneos*]" = "iPhone Developer";
				COPY_PHASE_STRIP = NO;
				ENABLE_STRICT_OBJC_MSGSEND = YES;
				GCC_C_LANGUAGE_STANDARD = gnu99;
				GCC_DYNAMIC_NO_PIC = NO;
				GCC_OPTIMIZATION_LEVEL = 0;
				GCC_PREPROCESSOR_DEFINITIONS = (
					"DEBUG=1",
					"$(inherited)",
				);
				GCC_SYMBOLS_PRIVATE_EXTERN = NO;
				GCC_WARN_64_TO_32_BIT_CONVERSION = YES;
				GCC_WARN_ABOUT_RETURN_TYPE = YES_ERROR;
				GCC_WARN_UNDECLARED_SELECTOR = YES;
				GCC_WARN_UNINITIALIZED_AUTOS = YES_AGGRESSIVE;
				GCC_WARN_UNUSED_FUNCTION = YES;
				GCC_WARN_UNUSED_VARIABLE = YES;
				IPHONEOS_DEPLOYMENT_TARGET = 8.1;
				MTL_ENABLE_DEBUG_INFO = YES;
				ONLY_ACTIVE_ARCH = YES;
				SDKROOT = iphoneos;
				TARGETED_DEVICE_FAMILY = "1,2";
			};
			name = Debug;
		};
		961429CE1A749A7C002A32CF /* Release */ = {
			isa = XCBuildConfiguration;
			buildSettings = {
				ALWAYS_SEARCH_USER_PATHS = NO;
				CLANG_CXX_LANGUAGE_STANDARD = "gnu++0x";
				CLANG_CXX_LIBRARY = "libc++";
				CLANG_ENABLE_MODULES = YES;
				CLANG_ENABLE_OBJC_ARC = YES;
				CLANG_WARN_BOOL_CONVERSION = YES;
				CLANG_WARN_CONSTANT_CONVERSION = YES;
				CLANG_WARN_DIRECT_OBJC_ISA_USAGE = YES_ERROR;
				CLANG_WARN_EMPTY_BODY = YES;
				CLANG_WARN_ENUM_CONVERSION = YES;
				CLANG_WARN_INT_CONVERSION = YES;
				CLANG_WARN_OBJC_ROOT_CLASS = YES_ERROR;
				CLANG_WARN_UNREACHABLE_CODE = YES;
				CLANG_WARN__DUPLICATE_METHOD_MATCH = YES;
				"CODE_SIGN_IDENTITY[sdk=iphoneos*]" = "iPhone Developer";
				COPY_PHASE_STRIP = YES;
				ENABLE_NS_ASSERTIONS = NO;
				ENABLE_STRICT_OBJC_MSGSEND = YES;
				GCC_C_LANGUAGE_STANDARD = gnu99;
				GCC_WARN_64_TO_32_BIT_CONVERSION = YES;
				GCC_WARN_ABOUT_RETURN_TYPE = YES_ERROR;
				GCC_WARN_UNDECLARED_SELECTOR = YES;
				GCC_WARN_UNINITIALIZED_AUTOS = YES_AGGRESSIVE;
				GCC_WARN_UNUSED_FUNCTION = YES;
				GCC_WARN_UNUSED_VARIABLE = YES;
				IPHONEOS_DEPLOYMENT_TARGET = 8.1;
				MTL_ENABLE_DEBUG_INFO = NO;
				SDKROOT = iphoneos;
				TARGETED_DEVICE_FAMILY = "1,2";
				VALIDATE_PRODUCT = YES;
			};
			name = Release;
		};
		961429D01A749A7C002A32CF /* Debug */ = {
			isa = XCBuildConfiguration;
			buildSettings = {
				ASSETCATALOG_COMPILER_APPICON_NAME = AppIcon;
				INFOPLIST_FILE = Blocstagram/Info.plist;
				LD_RUNPATH_SEARCH_PATHS = "$(inherited) @executable_path/Frameworks";
				PRODUCT_NAME = "$(TARGET_NAME)";
			};
			name = Debug;
		};
		961429D11A749A7C002A32CF /* Release */ = {
			isa = XCBuildConfiguration;
			buildSettings = {
				ASSETCATALOG_COMPILER_APPICON_NAME = AppIcon;
				INFOPLIST_FILE = Blocstagram/Info.plist;
				LD_RUNPATH_SEARCH_PATHS = "$(inherited) @executable_path/Frameworks";
				PRODUCT_NAME = "$(TARGET_NAME)";
			};
			name = Release;
		};
		961429D31A749A7C002A32CF /* Debug */ = {
			isa = XCBuildConfiguration;
			buildSettings = {
				BUNDLE_LOADER = "$(TEST_HOST)";
				FRAMEWORK_SEARCH_PATHS = (
					"$(SDKROOT)/Developer/Library/Frameworks",
					"$(inherited)",
				);
				GCC_PREPROCESSOR_DEFINITIONS = (
					"DEBUG=1",
					"$(inherited)",
				);
				INFOPLIST_FILE = BlocstagramTests/Info.plist;
				LD_RUNPATH_SEARCH_PATHS = "$(inherited) @executable_path/Frameworks @loader_path/Frameworks";
				PRODUCT_NAME = "$(TARGET_NAME)";
				TEST_HOST = "$(BUILT_PRODUCTS_DIR)/Blocstagram.app/Blocstagram";
			};
			name = Debug;
		};
		961429D41A749A7C002A32CF /* Release */ = {
			isa = XCBuildConfiguration;
			buildSettings = {
				BUNDLE_LOADER = "$(TEST_HOST)";
				FRAMEWORK_SEARCH_PATHS = (
					"$(SDKROOT)/Developer/Library/Frameworks",
					"$(inherited)",
				);
				INFOPLIST_FILE = BlocstagramTests/Info.plist;
				LD_RUNPATH_SEARCH_PATHS = "$(inherited) @executable_path/Frameworks @loader_path/Frameworks";
				PRODUCT_NAME = "$(TARGET_NAME)";
				TEST_HOST = "$(BUILT_PRODUCTS_DIR)/Blocstagram.app/Blocstagram";
			};
			name = Release;
		};
/* End XCBuildConfiguration section */

/* Begin XCConfigurationList section */
		961429A71A749A7C002A32CF /* Build configuration list for PBXProject "Blocstagram" */ = {
			isa = XCConfigurationList;
			buildConfigurations = (
				961429CD1A749A7C002A32CF /* Debug */,
				961429CE1A749A7C002A32CF /* Release */,
			);
			defaultConfigurationIsVisible = 0;
			defaultConfigurationName = Release;
		};
		961429CF1A749A7C002A32CF /* Build configuration list for PBXNativeTarget "Blocstagram" */ = {
			isa = XCConfigurationList;
			buildConfigurations = (
				961429D01A749A7C002A32CF /* Debug */,
				961429D11A749A7C002A32CF /* Release */,
			);
			defaultConfigurationIsVisible = 0;
			defaultConfigurationName = Release;
		};
		961429D21A749A7C002A32CF /* Build configuration list for PBXNativeTarget "BlocstagramTests" */ = {
			isa = XCConfigurationList;
			buildConfigurations = (
				961429D31A749A7C002A32CF /* Debug */,
				961429D41A749A7C002A32CF /* Release */,
			);
			defaultConfigurationIsVisible = 0;
			defaultConfigurationName = Release;
		};
/* End XCConfigurationList section */
	};
	rootObject = 961429A41A749A7C002A32CF /* Project object */;
}
